
Microsoft Visual Studio Solution File, Format Version 12.00
# Visual Studio Version 17
VisualStudioVersion = 17.8.34322.80
MinimumVisualStudioVersion = 10.0.40219.1
Project("{9A19103F-16F7-4668-BE54-9A1E7A4F7556}") = "MyExpenseTracker.Web", "MyExpenseTracker\MyExpenseTracker.Web.csproj", "{93BF3209-A955-4E64-A70B-32B3A588A642}"
EndProject
Project("{FAE04EC0-301F-11D3-BF4B-00C04F79EFBC}") = "MyExpenseTracker.Models", "MyExpenseTracker.Models\MyExpenseTracker.Models.csproj", "{CFE82524-9E32-4B67-83D6-52EAE32E9EE9}"
EndProject
Project("{FAE04EC0-301F-11D3-BF4B-00C04F79EFBC}") = "MyExpenseTracker.Repository", "MyExpenseTracker.Repository\MyExpenseTracker.Repository.csproj", "{3589306D-5F03-4063-9184-4BF16AE3EBA2}"
EndProject
Project("{FAE04EC0-301F-11D3-BF4B-00C04F79EFBC}") = "MyExpenseTracker.Utils", "MyExpenseTracker.Utils\MyExpenseTracker.Utils.csproj", "{33056039-D32A-4558-82FB-DB37F7DFAE08}"
EndProject
Project("{FAE04EC0-301F-11D3-BF4B-00C04F79EFBC}") = "MyExpenseTracker.Business", "MyExpenseTracker.Business\MyExpenseTracker.Business.csproj", "{88C52F83-BD12-4930-B134-88423EDF80C6}"
EndProject
Global
	GlobalSection(SolutionConfigurationPlatforms) = preSolution
		Debug|Any CPU = Debug|Any CPU
		Release|Any CPU = Release|Any CPU
	EndGlobalSection
	GlobalSection(ProjectConfigurationPlatforms) = postSolution
		{93BF3209-A955-4E64-A70B-32B3A588A642}.Debug|Any CPU.ActiveCfg = Debug|Any CPU
		{93BF3209-A955-4E64-A70B-32B3A588A642}.Debug|Any CPU.Build.0 = Debug|Any CPU
		{93BF3209-A955-4E64-A70B-32B3A588A642}.Release|Any CPU.ActiveCfg = Release|Any CPU
		{93BF3209-A955-4E64-A70B-32B3A588A642}.Release|Any CPU.Build.0 = Release|Any CPU
		{CFE82524-9E32-4B67-83D6-52EAE32E9EE9}.Debug|Any CPU.ActiveCfg = Debug|Any CPU
		{CFE82524-9E32-4B67-83D6-52EAE32E9EE9}.Debug|Any CPU.Build.0 = Debug|Any CPU
		{CFE82524-9E32-4B67-83D6-52EAE32E9EE9}.Release|Any CPU.ActiveCfg = Release|Any CPU
		{CFE82524-9E32-4B67-83D6-52EAE32E9EE9}.Release|Any CPU.Build.0 = Release|Any CPU
		{3589306D-5F03-4063-9184-4BF16AE3EBA2}.Debug|Any CPU.ActiveCfg = Debug|Any CPU
		{3589306D-5F03-4063-9184-4BF16AE3EBA2}.Debug|Any CPU.Build.0 = Debug|Any CPU
		{3589306D-5F03-4063-9184-4BF16AE3EBA2}.Release|Any CPU.ActiveCfg = Release|Any CPU
		{3589306D-5F03-4063-9184-4BF16AE3EBA2}.Release|Any CPU.Build.0 = Release|Any CPU
		{33056039-D32A-4558-82FB-DB37F7DFAE08}.Debug|Any CPU.ActiveCfg = Debug|Any CPU
		{33056039-D32A-4558-82FB-DB37F7DFAE08}.Debug|Any CPU.Build.0 = Debug|Any CPU
		{33056039-D32A-4558-82FB-DB37F7DFAE08}.Release|Any CPU.ActiveCfg = Release|Any CPU
		{33056039-D32A-4558-82FB-DB37F7DFAE08}.Release|Any CPU.Build.0 = Release|Any CPU
		{88C52F83-BD12-4930-B134-88423EDF80C6}.Debug|Any CPU.ActiveCfg = Debug|Any CPU
		{88C52F83-BD12-4930-B134-88423EDF80C6}.Debug|Any CPU.Build.0 = Debug|Any CPU
		{88C52F83-BD12-4930-B134-88423EDF80C6}.Release|Any CPU.ActiveCfg = Release|Any CPU
		{88C52F83-BD12-4930-B134-88423EDF80C6}.Release|Any CPU.Build.0 = Release|Any CPU
	EndGlobalSection
	GlobalSection(SolutionProperties) = preSolution
		HideSolutionNode = FALSE
	EndGlobalSection
	GlobalSection(ExtensibilityGlobals) = postSolution
		SolutionGuid = {74FF9595-0605-4674-BA41-3C26733DD72A}
	EndGlobalSection
EndGlobal
